
Microsoft Visual Studio Solution File, Format Version 12.00
# Visual Studio 15
VisualStudioVersion = 15.0.27004.2009
MinimumVisualStudioVersion = 10.0.40219.1
Project("{FAE04EC0-301F-11D3-BF4B-00C04F79EFBC}") = "OlympLogin", "OlympLogin\OlympLogin.csproj", "{1424D8FF-C372-4099-B6A1-58FFFD46C54A}"
EndProject
Global
	GlobalSection(SolutionConfigurationPlatforms) = preSolution
		Debug|Any CPU = Debug|Any CPU
		Release|Any CPU = Release|Any CPU
	EndGlobalSection
	GlobalSection(ProjectConfigurationPlatforms) = postSolution
		{1424D8FF-C372-4099-B6A1-58FFFD46C54A}.Debug|Any CPU.ActiveCfg = Debug|Any CPU
		{1424D8FF-C372-4099-B6A1-58FFFD46C54A}.Debug|Any CPU.Build.0 = Debug|Any CPU
		{1424D8FF-C372-4099-B6A1-58FFFD46C54A}.Release|Any CPU.ActiveCfg = Release|Any CPU
		{1424D8FF-C372-4099-B6A1-58FFFD46C54A}.Release|Any CPU.Build.0 = Release|Any CPU
	EndGlobalSection
	GlobalSection(SolutionProperties) = preSolution
		HideSolutionNode = FALSE
	EndGlobalSection
	GlobalSection(ExtensibilityGlobals) = postSolution
		SolutionGuid = {FE4B8064-8182-4D3E-B8A5-1ECB2DB3D51C}
	EndGlobalSection
EndGlobal
